// !$*UTF8*$!
{
	archiveVersion = 1;
	classes = {
	};
	objectVersion = 46;
	objects = {

/* Begin PBXBuildFile section */
		9303C25C1DDC06C900ECEBC4 /* AppDelegate.swift in Sources */ = {isa = PBXBuildFile; fileRef = 9303C25B1DDC06C900ECEBC4 /* AppDelegate.swift */; };
		9303C2611DDC06C900ECEBC4 /* Main.storyboard in Resources */ = {isa = PBXBuildFile; fileRef = 9303C25F1DDC06C900ECEBC4 /* Main.storyboard */; };
		9303C2631DDC06C900ECEBC4 /* Assets.xcassets in Resources */ = {isa = PBXBuildFile; fileRef = 9303C2621DDC06C900ECEBC4 /* Assets.xcassets */; };
		9303C2661DDC06C900ECEBC4 /* LaunchScreen.storyboard in Resources */ = {isa = PBXBuildFile; fileRef = 9303C2641DDC06C900ECEBC4 /* LaunchScreen.storyboard */; };
		9303C2711DDC06C900ECEBC4 /* tableViewDemoTests.swift in Sources */ = {isa = PBXBuildFile; fileRef = 9303C2701DDC06C900ECEBC4 /* tableViewDemoTests.swift */; };
		9303C27C1DDC06C900ECEBC4 /* tableViewDemoUITests.swift in Sources */ = {isa = PBXBuildFile; fileRef = 9303C27B1DDC06C900ECEBC4 /* tableViewDemoUITests.swift */; };
		9303C28A1DDC076200ECEBC4 /* MovieViewController.swift in Sources */ = {isa = PBXBuildFile; fileRef = 9303C2891DDC076200ECEBC4 /* MovieViewController.swift */; };
		9303C28C1DDC083400ECEBC4 /* MovieTableViewCell.swift in Sources */ = {isa = PBXBuildFile; fileRef = 9303C28B1DDC083400ECEBC4 /* MovieTableViewCell.swift */; };
/* End PBXBuildFile section */

/* Begin PBXContainerItemProxy section */
		9303C26D1DDC06C900ECEBC4 /* PBXContainerItemProxy */ = {
			isa = PBXContainerItemProxy;
			containerPortal = 9303C2501DDC06C900ECEBC4 /* Project object */;
			proxyType = 1;
			remoteGlobalIDString = 9303C2571DDC06C900ECEBC4;
			remoteInfo = tableViewDemo;
		};
		9303C2781DDC06C900ECEBC4 /* PBXContainerItemProxy */ = {
			isa = PBXContainerItemProxy;
			containerPortal = 9303C2501DDC06C900ECEBC4 /* Project object */;
			proxyType = 1;
			remoteGlobalIDString = 9303C2571DDC06C900ECEBC4;
			remoteInfo = tableViewDemo;
		};
/* End PBXContainerItemProxy section */

/* Begin PBXFileReference section */
		9303C2581DDC06C900ECEBC4 /* tableViewDemo.app */ = {isa = PBXFileReference; explicitFileType = wrapper.application; includeInIndex = 0; path = tableViewDemo.app; sourceTree = BUILT_PRODUCTS_DIR; };
		9303C25B1DDC06C900ECEBC4 /* AppDelegate.swift */ = {isa = PBXFileReference; lastKnownFileType = sourcecode.swift; path = AppDelegate.swift; sourceTree = "<group>"; };
		9303C2601DDC06C900ECEBC4 /* Base */ = {isa = PBXFileReference; lastKnownFileType = file.storyboard; name = Base; path = Base.lproj/Main.storyboard; sourceTree = "<group>"; };
		9303C2621DDC06C900ECEBC4 /* Assets.xcassets */ = {isa = PBXFileReference; lastKnownFileType = folder.assetcatalog; path = Assets.xcassets; sourceTree = "<group>"; };
		9303C2651DDC06C900ECEBC4 /* Base */ = {isa = PBXFileReference; lastKnownFileType = file.storyboard; name = Base; path = Base.lproj/LaunchScreen.storyboard; sourceTree = "<group>"; };
		9303C2671DDC06C900ECEBC4 /* Info.plist */ = {isa = PBXFileReference; lastKnownFileType = text.plist.xml; path = Info.plist; sourceTree = "<group>"; };
		9303C26C1DDC06C900ECEBC4 /* tableViewDemoTests.xctest */ = {isa = PBXFileReference; explicitFileType = wrapper.cfbundle; includeInIndex = 0; path = tableViewDemoTests.xctest; sourceTree = BUILT_PRODUCTS_DIR; };
		9303C2701DDC06C900ECEBC4 /* tableViewDemoTests.swift */ = {isa = PBXFileReference; lastKnownFileType = sourcecode.swift; path = tableViewDemoTests.swift; sourceTree = "<group>"; };
		9303C2721DDC06C900ECEBC4 /* Info.plist */ = {isa = PBXFileReference; lastKnownFileType = text.plist.xml; path = Info.plist; sourceTree = "<group>"; };
		9303C2771DDC06C900ECEBC4 /* tableViewDemoUITests.xctest */ = {isa = PBXFileReference; explicitFileType = wrapper.cfbundle; includeInIndex = 0; path = tableViewDemoUITests.xctest; sourceTree = BUILT_PRODUCTS_DIR; };
		9303C27B1DDC06C900ECEBC4 /* tableViewDemoUITests.swift */ = {isa = PBXFileReference; lastKnownFileType = sourcecode.swift; path = tableViewDemoUITests.swift; sourceTree = "<group>"; };
		9303C27D1DDC06C900ECEBC4 /* Info.plist */ = {isa = PBXFileReference; lastKnownFileType = text.plist.xml; path = Info.plist; sourceTree = "<group>"; };
		9303C2891DDC076200ECEBC4 /* MovieViewController.swift */ = {isa = PBXFileReference; fileEncoding = 4; lastKnownFileType = sourcecode.swift; name = MovieViewController.swift; path = ../MovieViewController.swift; sourceTree = "<group>"; };
		9303C28B1DDC083400ECEBC4 /* MovieTableViewCell.swift */ = {isa = PBXFileReference; fileEncoding = 4; lastKnownFileType = sourcecode.swift; path = MovieTableViewCell.swift; sourceTree = "<group>"; };
/* End PBXFileReference section */

/* Begin PBXFrameworksBuildPhase section */
		9303C2551DDC06C900ECEBC4 /* Frameworks */ = {
			isa = PBXFrameworksBuildPhase;
			buildActionMask = 2147483647;
			files = (
			);
			runOnlyForDeploymentPostprocessing = 0;
		};
		9303C2691DDC06C900ECEBC4 /* Frameworks */ = {
			isa = PBXFrameworksBuildPhase;
			buildActionMask = 2147483647;
			files = (
			);
			runOnlyForDeploymentPostprocessing = 0;
		};
		9303C2741DDC06C900ECEBC4 /* Frameworks */ = {
			isa = PBXFrameworksBuildPhase;
			buildActionMask = 2147483647;
			files = (
			);
			runOnlyForDeploymentPostprocessing = 0;
		};
/* End PBXFrameworksBuildPhase section */

/* Begin PBXGroup section */
		9303C24F1DDC06C900ECEBC4 = {
			isa = PBXGroup;
			children = (
				9303C25A1DDC06C900ECEBC4 /* tableViewDemo */,
				9303C26F1DDC06C900ECEBC4 /* tableViewDemoTests */,
				9303C27A1DDC06C900ECEBC4 /* tableViewDemoUITests */,
				9303C2591DDC06C900ECEBC4 /* Products */,
			);
			sourceTree = "<group>";
		};
		9303C2591DDC06C900ECEBC4 /* Products */ = {
			isa = PBXGroup;
			children = (
				9303C2581DDC06C900ECEBC4 /* tableViewDemo.app */,
				9303C26C1DDC06C900ECEBC4 /* tableViewDemoTests.xctest */,
				9303C2771DDC06C900ECEBC4 /* tableViewDemoUITests.xctest */,
			);
			name = Products;
			sourceTree = "<group>";
		};
		9303C25A1DDC06C900ECEBC4 /* tableViewDemo */ = {
			isa = PBXGroup;
			children = (
				9303C25B1DDC06C900ECEBC4 /* AppDelegate.swift */,
				9303C2891DDC076200ECEBC4 /* MovieViewController.swift */,
				9303C25F1DDC06C900ECEBC4 /* Main.storyboard */,
				9303C28B1DDC083400ECEBC4 /* MovieTableViewCell.swift */,
				9303C2621DDC06C900ECEBC4 /* Assets.xcassets */,
				9303C2641DDC06C900ECEBC4 /* LaunchScreen.storyboard */,
				9303C2671DDC06C900ECEBC4 /* Info.plist */,
			);
			path = tableViewDemo;
			sourceTree = "<group>";
		};
		9303C26F1DDC06C900ECEBC4 /* tableViewDemoTests */ = {
			isa = PBXGroup;
			children = (
				9303C2701DDC06C900ECEBC4 /* tableViewDemoTests.swift */,
				9303C2721DDC06C900ECEBC4 /* Info.plist */,
			);
			path = tableViewDemoTests;
			sourceTree = "<group>";
		};
		9303C27A1DDC06C900ECEBC4 /* tableViewDemoUITests */ = {
			isa = PBXGroup;
			children = (
				9303C27B1DDC06C900ECEBC4 /* tableViewDemoUITests.swift */,
				9303C27D1DDC06C900ECEBC4 /* Info.plist */,
			);
			path = tableViewDemoUITests;
			sourceTree = "<group>";
		};
/* End PBXGroup section */

/* Begin PBXNativeTarget section */
		9303C2571DDC06C900ECEBC4 /* tableViewDemo */ = {
			isa = PBXNativeTarget;
			buildConfigurationList = 9303C2801DDC06C900ECEBC4 /* Build configuration list for PBXNativeTarget "tableViewDemo" */;
			buildPhases = (
				9303C2541DDC06C900ECEBC4 /* Sources */,
				9303C2551DDC06C900ECEBC4 /* Frameworks */,
				9303C2561DDC06C900ECEBC4 /* Resources */,
			);
			buildRules = (
			);
			dependencies = (
			);
			name = tableViewDemo;
			productName = tableViewDemo;
			productReference = 9303C2581DDC06C900ECEBC4 /* tableViewDemo.app */;
			productType = "com.apple.product-type.application";
		};
		9303C26B1DDC06C900ECEBC4 /* tableViewDemoTests */ = {
			isa = PBXNativeTarget;
			buildConfigurationList = 9303C2831DDC06C900ECEBC4 /* Build configuration list for PBXNativeTarget "tableViewDemoTests" */;
			buildPhases = (
				9303C2681DDC06C900ECEBC4 /* Sources */,
				9303C2691DDC06C900ECEBC4 /* Frameworks */,
				9303C26A1DDC06C900ECEBC4 /* Resources */,
			);
			buildRules = (
			);
			dependencies = (
				9303C26E1DDC06C900ECEBC4 /* PBXTargetDependency */,
			);
			name = tableViewDemoTests;
			productName = tableViewDemoTests;
			productReference = 9303C26C1DDC06C900ECEBC4 /* tableViewDemoTests.xctest */;
			productType = "com.apple.product-type.bundle.unit-test";
		};
		9303C2761DDC06C900ECEBC4 /* tableViewDemoUITests */ = {
			isa = PBXNativeTarget;
			buildConfigurationList = 9303C2861DDC06C900ECEBC4 /* Build configuration list for PBXNativeTarget "tableViewDemoUITests" */;
			buildPhases = (
				9303C2731DDC06C900ECEBC4 /* Sources */,
				9303C2741DDC06C900ECEBC4 /* Frameworks */,
				9303C2751DDC06C900ECEBC4 /* Resources */,
			);
			buildRules = (
			);
			dependencies = (
				9303C2791DDC06C900ECEBC4 /* PBXTargetDependency */,
			);
			name = tableViewDemoUITests;
			productName = tableViewDemoUITests;
			productReference = 9303C2771DDC06C900ECEBC4 /* tableViewDemoUITests.xctest */;
			productType = "com.apple.product-type.bundle.ui-testing";
		};
/* End PBXNativeTarget section */

/* Begin PBXProject section */
		9303C2501DDC06C900ECEBC4 /* Project object */ = {
			isa = PBXProject;
			attributes = {
				LastSwiftUpdateCheck = 0810;
				LastUpgradeCheck = 0810;
				ORGANIZATIONNAME = "Aaron Bailey";
				TargetAttributes = {
					9303C2571DDC06C900ECEBC4 = {
						CreatedOnToolsVersion = 8.1;
						ProvisioningStyle = Automatic;
					};
					9303C26B1DDC06C900ECEBC4 = {
						CreatedOnToolsVersion = 8.1;
						ProvisioningStyle = Automatic;
						TestTargetID = 9303C2571DDC06C900ECEBC4;
					};
					9303C2761DDC06C900ECEBC4 = {
						CreatedOnToolsVersion = 8.1;
						ProvisioningStyle = Automatic;
						TestTargetID = 9303C2571DDC06C900ECEBC4;
					};
				};
			};
			buildConfigurationList = 9303C2531DDC06C900ECEBC4 /* Build configuration list for PBXProject "tableViewDemo" */;
			compatibilityVersion = "Xcode 3.2";
			developmentRegion = English;
			hasScannedForEncodings = 0;
			knownRegions = (
				en,
				Base,
			);
			mainGroup = 9303C24F1DDC06C900ECEBC4;
			productRefGroup = 9303C2591DDC06C900ECEBC4 /* Products */;
			projectDirPath = "";
			projectRoot = "";
			targets = (
				9303C2571DDC06C900ECEBC4 /* tableViewDemo */,
				9303C26B1DDC06C900ECEBC4 /* tableViewDemoTests */,
				9303C2761DDC06C900ECEBC4 /* tableViewDemoUITests */,
			);
		};
/* End PBXProject section */

/* Begin PBXResourcesBuildPhase section */
		9303C2561DDC06C900ECEBC4 /* Resources */ = {
			isa = PBXResourcesBuildPhase;
			buildActionMask = 2147483647;
			files = (
				9303C2661DDC06C900ECEBC4 /* LaunchScreen.storyboard in Resources */,
				9303C2631DDC06C900ECEBC4 /* Assets.xcassets in Resources */,
				9303C2611DDC06C900ECEBC4 /* Main.storyboard in Resources */,
			);
			runOnlyForDeploymentPostprocessing = 0;
		};
		9303C26A1DDC06C900ECEBC4 /* Resources */ = {
			isa = PBXResourcesBuildPhase;
			buildActionMask = 2147483647;
			files = (
			);
			runOnlyForDeploymentPostprocessing = 0;
		};
		9303C2751DDC06C900ECEBC4 /* Resources */ = {
			isa = PBXResourcesBuildPhase;
			buildActionMask = 2147483647;
			files = (
			);
			runOnlyForDeploymentPostprocessing = 0;
		};
/* End PBXResourcesBuildPhase section */

/* Begin PBXSourcesBuildPhase section */
		9303C2541DDC06C900ECEBC4 /* Sources */ = {
			isa = PBXSourcesBuildPhase;
			buildActionMask = 2147483647;
			files = (
				9303C25C1DDC06C900ECEBC4 /* AppDelegate.swift in Sources */,
				9303C28A1DDC076200ECEBC4 /* MovieViewController.swift in Sources */,
				9303C28C1DDC083400ECEBC4 /* MovieTableViewCell.swift in Sources */,
			);
			runOnlyForDeploymentPostprocessing = 0;
		};
		9303C2681DDC06C900ECEBC4 /* Sources */ = {
			isa = PBXSourcesBuildPhase;
			buildActionMask = 2147483647;
			files = (
				9303C2711DDC06C900ECEBC4 /* tableViewDemoTests.swift in Sources */,
			);
			runOnlyForDeploymentPostprocessing = 0;
		};
		9303C2731DDC06C900ECEBC4 /* Sources */ = {
			isa = PBXSourcesBuildPhase;
			buildActionMask = 2147483647;
			files = (
				9303C27C1DDC06C900ECEBC4 /* tableViewDemoUITests.swift in Sources */,
			);
			runOnlyForDeploymentPostprocessing = 0;
		};
/* End PBXSourcesBuildPhase section */

/* Begin PBXTargetDependency section */
		9303C26E1DDC06C900ECEBC4 /* PBXTargetDependency */ = {
			isa = PBXTargetDependency;
			target = 9303C2571DDC06C900ECEBC4 /* tableViewDemo */;
			targetProxy = 9303C26D1DDC06C900ECEBC4 /* PBXContainerItemProxy */;
		};
		9303C2791DDC06C900ECEBC4 /* PBXTargetDependency */ = {
			isa = PBXTargetDependency;
			target = 9303C2571DDC06C900ECEBC4 /* tableViewDemo */;
			targetProxy = 9303C2781DDC06C900ECEBC4 /* PBXContainerItemProxy */;
		};
/* End PBXTargetDependency section */

/* Begin PBXVariantGroup section */
		9303C25F1DDC06C900ECEBC4 /* Main.storyboard */ = {
			isa = PBXVariantGroup;
			children = (
				9303C2601DDC06C900ECEBC4 /* Base */,
			);
			name = Main.storyboard;
			sourceTree = "<group>";
		};
		9303C2641DDC06C900ECEBC4 /* LaunchScreen.storyboard */ = {
			isa = PBXVariantGroup;
			children = (
				9303C2651DDC06C900ECEBC4 /* Base */,
			);
			name = LaunchScreen.storyboard;
			sourceTree = "<group>";
		};
/* End PBXVariantGroup section */

/* Begin XCBuildConfiguration section */
		9303C27E1DDC06C900ECEBC4 /* Debug */ = {
			isa = XCBuildConfiguration;
			buildSettings = {
				ALWAYS_SEARCH_USER_PATHS = NO;
				CLANG_ANALYZER_NONNULL = YES;
				CLANG_CXX_LANGUAGE_STANDARD = "gnu++0x";
				CLANG_CXX_LIBRARY = "libc++";
				CLANG_ENABLE_MODULES = YES;
				CLANG_ENABLE_OBJC_ARC = YES;
				CLANG_WARN_BOOL_CONVERSION = YES;
				CLANG_WARN_CONSTANT_CONVERSION = YES;
				CLANG_WARN_DIRECT_OBJC_ISA_USAGE = YES_ERROR;
				CLANG_WARN_DOCUMENTATION_COMMENTS = YES;
				CLANG_WARN_EMPTY_BODY = YES;
				CLANG_WARN_ENUM_CONVERSION = YES;
				CLANG_WARN_INFINITE_RECURSION = YES;
				CLANG_WARN_INT_CONVERSION = YES;
				CLANG_WARN_OBJC_ROOT_CLASS = YES_ERROR;
				CLANG_WARN_SUSPICIOUS_MOVES = YES;
				CLANG_WARN_UNREACHABLE_CODE = YES;
				CLANG_WARN__DUPLICATE_METHOD_MATCH = YES;
				"CODE_SIGN_IDENTITY[sdk=iphoneos*]" = "iPhone Developer";
				COPY_PHASE_STRIP = NO;
				DEBUG_INFORMATION_FORMAT = dwarf;
				ENABLE_STRICT_OBJC_MSGSEND = YES;
				ENABLE_TESTABILITY = YES;
				GCC_C_LANGUAGE_STANDARD = gnu99;
				GCC_DYNAMIC_NO_PIC = NO;
				GCC_NO_COMMON_BLOCKS = YES;
				GCC_OPTIMIZATION_LEVEL = 0;
				GCC_PREPROCESSOR_DEFINITIONS = (
					"DEBUG=1",
					"$(inherited)",
				);
				GCC_WARN_64_TO_32_BIT_CONVERSION = YES;
				GCC_WARN_ABOUT_RETURN_TYPE = YES_ERROR;
				GCC_WARN_UNDECLARED_SELECTOR = YES;
				GCC_WARN_UNINITIALIZED_AUTOS = YES_AGGRESSIVE;
				GCC_WARN_UNUSED_FUNCTION = YES;
				GCC_WARN_UNUSED_VARIABLE = YES;
				IPHONEOS_DEPLOYMENT_TARGET = 10.1;
				MTL_ENABLE_DEBUG_INFO = YES;
				ONLY_ACTIVE_ARCH = YES;
				SDKROOT = iphoneos;
				SWIFT_ACTIVE_COMPILATION_CONDITIONS = DEBUG;
				SWIFT_OPTIMIZATION_LEVEL = "-Onone";
			};
			name = Debug;
		};
		9303C27F1DDC06C900ECEBC4 /* Release */ = {
			isa = XCBuildConfiguration;
			buildSettings = {
				ALWAYS_SEARCH_USER_PATHS = NO;
				CLANG_ANALYZER_NONNULL = YES;
				CLANG_CXX_LANGUAGE_STANDARD = "gnu++0x";
				CLANG_CXX_LIBRARY = "libc++";
				CLANG_ENABLE_MODULES = YES;
				CLANG_ENABLE_OBJC_ARC = YES;
				CLANG_WARN_BOOL_CONVERSION = YES;
				CLANG_WARN_CONSTANT_CONVERSION = YES;
				CLANG_WARN_DIRECT_OBJC_ISA_USAGE = YES_ERROR;
				CLANG_WARN_DOCUMENTATION_COMMENTS = YES;
				CLANG_WARN_EMPTY_BODY = YES;
				CLANG_WARN_ENUM_CONVERSION = YES;
				CLANG_WARN_INFINITE_RECURSION = YES;
				CLANG_WARN_INT_CONVERSION = YES;
				CLANG_WARN_OBJC_ROOT_CLASS = YES_ERROR;
				CLANG_WARN_SUSPICIOUS_MOVES = YES;
				CLANG_WARN_UNREACHABLE_CODE = YES;
				CLANG_WARN__DUPLICATE_METHOD_MATCH = YES;
				"CODE_SIGN_IDENTITY[sdk=iphoneos*]" = "iPhone Developer";
				COPY_PHASE_STRIP = NO;
				DEBUG_INFORMATION_FORMAT = "dwarf-with-dsym";
				ENABLE_NS_ASSERTIONS = NO;
				ENABLE_STRICT_OBJC_MSGSEND = YES;
				GCC_C_LANGUAGE_STANDARD = gnu99;
				GCC_NO_COMMON_BLOCKS = YES;
				GCC_WARN_64_TO_32_BIT_CONVERSION = YES;
				GCC_WARN_ABOUT_RETURN_TYPE = YES_ERROR;
				GCC_WARN_UNDECLARED_SELECTOR = YES;
				GCC_WARN_UNINITIALIZED_AUTOS = YES_AGGRESSIVE;
				GCC_WARN_UNUSED_FUNCTION = YES;
				GCC_WARN_UNUSED_VARIABLE = YES;
				IPHONEOS_DEPLOYMENT_TARGET = 10.1;
				MTL_ENABLE_DEBUG_INFO = NO;
				SDKROOT = iphoneos;
				SWIFT_OPTIMIZATION_LEVEL = "-Owholemodule";
				VALIDATE_PRODUCT = YES;
			};
			name = Release;
		};
		9303C2811DDC06C900ECEBC4 /* Debug */ = {
			isa = XCBuildConfiguration;
			buildSettings = {
				ASSETCATALOG_COMPILER_APPICON_NAME = AppIcon;
				INFOPLIST_FILE = tableViewDemo/Info.plist;
				LD_RUNPATH_SEARCH_PATHS = "$(inherited) @executable_path/Frameworks";
				PRODUCT_BUNDLE_IDENTIFIER = com.arnbly.tableViewDemo;
				PRODUCT_NAME = "$(TARGET_NAME)";
				SWIFT_VERSION = 3.0;
			};
			name = Debug;
		};
		9303C2821DDC06C900ECEBC4 /* Release */ = {
			isa = XCBuildConfiguration;
			buildSettings = {
				ASSETCATALOG_COMPILER_APPICON_NAME = AppIcon;
				INFOPLIST_FILE = tableViewDemo/Info.plist;
				LD_RUNPATH_SEARCH_PATHS = "$(inherited) @executable_path/Frameworks";
				PRODUCT_BUNDLE_IDENTIFIER = com.arnbly.tableViewDemo;
				PRODUCT_NAME = "$(TARGET_NAME)";
				SWIFT_VERSION = 3.0;
			};
			name = Release;
		};
		9303C2841DDC06C900ECEBC4 /* Debug */ = {
			isa = XCBuildConfiguration;
			buildSettings = {
				ALWAYS_EMBED_SWIFT_STANDARD_LIBRARIES = YES;
				BUNDLE_LOADER = "$(TEST_HOST)";
				INFOPLIST_FILE = tableViewDemoTests/Info.plist;
				LD_RUNPATH_SEARCH_PATHS = "$(inherited) @executable_path/Frameworks @loader_path/Frameworks";
				PRODUCT_BUNDLE_IDENTIFIER = com.arnbly.tableViewDemoTests;
				PRODUCT_NAME = "$(TARGET_NAME)";
				SWIFT_VERSION = 3.0;
				TEST_HOST = "$(BUILT_PRODUCTS_DIR)/tableViewDemo.app/tableViewDemo";
			};
			name = Debug;
		};
		9303C2851DDC06C900ECEBC4 /* Release */ = {
			isa = XCBuildConfiguration;
			buildSettings = {
				ALWAYS_EMBED_SWIFT_STANDARD_LIBRARIES = YES;
				BUNDLE_LOADER = "$(TEST_HOST)";
				INFOPLIST_FILE = tableViewDemoTests/Info.plist;
				LD_RUNPATH_SEARCH_PATHS = "$(inherited) @executable_path/Frameworks @loader_path/Frameworks";
				PRODUCT_BUNDLE_IDENTIFIER = com.arnbly.tableViewDemoTests;
				PRODUCT_NAME = "$(TARGET_NAME)";
				SWIFT_VERSION = 3.0;
				TEST_HOST = "$(BUILT_PRODUCTS_DIR)/tableViewDemo.app/tableViewDemo";
			};
			name = Release;
		};
		9303C2871DDC06C900ECEBC4 /* Debug */ = {
			isa = XCBuildConfiguration;
			buildSettings = {
				ALWAYS_EMBED_SWIFT_STANDARD_LIBRARIES = YES;
				INFOPLIST_FILE = tableViewDemoUITests/Info.plist;
				LD_RUNPATH_SEARCH_PATHS = "$(inherited) @executable_path/Frameworks @loader_path/Frameworks";
				PRODUCT_BUNDLE_IDENTIFIER = com.arnbly.tableViewDemoUITests;
				PRODUCT_NAME = "$(TARGET_NAME)";
				SWIFT_VERSION = 3.0;
				TEST_TARGET_NAME = tableViewDemo;
			};
			name = Debug;
		};
		9303C2881DDC06C900ECEBC4 /* Release */ = {
			isa = XCBuildConfiguration;
			buildSettings = {
				ALWAYS_EMBED_SWIFT_STANDARD_LIBRARIES = YES;
				INFOPLIST_FILE = tableViewDemoUITests/Info.plist;
				LD_RUNPATH_SEARCH_PATHS = "$(inherited) @executable_path/Frameworks @loader_path/Frameworks";
				PRODUCT_BUNDLE_IDENTIFIER = com.arnbly.tableViewDemoUITests;
				PRODUCT_NAME = "$(TARGET_NAME)";
				SWIFT_VERSION = 3.0;
				TEST_TARGET_NAME = tableViewDemo;
			};
			name = Release;
		};
/* End XCBuildConfiguration section */

/* Begin XCConfigurationList section */
		9303C2531DDC06C900ECEBC4 /* Build configuration list for PBXProject "tableViewDemo" */ = {
			isa = XCConfigurationList;
			buildConfigurations = (
				9303C27E1DDC06C900ECEBC4 /* Debug */,
				9303C27F1DDC06C900ECEBC4 /* Release */,
			);
			defaultConfigurationIsVisible = 0;
			defaultConfigurationName = Release;
		};
		9303C2801DDC06C900ECEBC4 /* Build configuration list for PBXNativeTarget "tableViewDemo" */ = {
			isa = XCConfigurationList;
			buildConfigurations = (
				9303C2811DDC06C900ECEBC4 /* Debug */,
				9303C2821DDC06C900ECEBC4 /* Release */,
			);
			defaultConfigurationIsVisible = 0;
		};
		9303C2831DDC06C900ECEBC4 /* Build configuration list for PBXNativeTarget "tableViewDemoTests" */ = {
			isa = XCConfigurationList;
			buildConfigurations = (
				9303C2841DDC06C900ECEBC4 /* Debug */,
				9303C2851DDC06C900ECEBC4 /* Release */,
			);
			defaultConfigurationIsVisible = 0;
		};
		9303C2861DDC06C900ECEBC4 /* Build configuration list for PBXNativeTarget "tableViewDemoUITests" */ = {
			isa = XCConfigurationList;
			buildConfigurations = (
				9303C2871DDC06C900ECEBC4 /* Debug */,
				9303C2881DDC06C900ECEBC4 /* Release */,
			);
			defaultConfigurationIsVisible = 0;
		};
/* End XCConfigurationList section */
	};
	rootObject = 9303C2501DDC06C900ECEBC4 /* Project object */;
}
