// !$*UTF8*$!
{
	archiveVersion = 1;
	classes = {
	};
	objectVersion = 46;
	objects = {

/* Begin PBXBuildFile section */
		93BE07F31DC058E800C66294 /* AppDelegate.swift in Sources */ = {isa = PBXBuildFile; fileRef = 93BE07F21DC058E800C66294 /* AppDelegate.swift */; };
		93BE07F51DC058E800C66294 /* ViewController.swift in Sources */ = {isa = PBXBuildFile; fileRef = 93BE07F41DC058E800C66294 /* ViewController.swift */; };
		93BE07F81DC058E800C66294 /* Main.storyboard in Resources */ = {isa = PBXBuildFile; fileRef = 93BE07F61DC058E800C66294 /* Main.storyboard */; };
		93BE07FA1DC058E800C66294 /* Assets.xcassets in Resources */ = {isa = PBXBuildFile; fileRef = 93BE07F91DC058E800C66294 /* Assets.xcassets */; };
		93BE07FD1DC058E800C66294 /* LaunchScreen.storyboard in Resources */ = {isa = PBXBuildFile; fileRef = 93BE07FB1DC058E800C66294 /* LaunchScreen.storyboard */; };
		93BE08081DC058E800C66294 /* GestureTestTests.swift in Sources */ = {isa = PBXBuildFile; fileRef = 93BE08071DC058E800C66294 /* GestureTestTests.swift */; };
		93BE08131DC058E800C66294 /* GestureTestUITests.swift in Sources */ = {isa = PBXBuildFile; fileRef = 93BE08121DC058E800C66294 /* GestureTestUITests.swift */; };
/* End PBXBuildFile section */

/* Begin PBXContainerItemProxy section */
		93BE08041DC058E800C66294 /* PBXContainerItemProxy */ = {
			isa = PBXContainerItemProxy;
			containerPortal = 93BE07E71DC058E800C66294 /* Project object */;
			proxyType = 1;
			remoteGlobalIDString = 93BE07EE1DC058E800C66294;
			remoteInfo = GestureTest;
		};
		93BE080F1DC058E800C66294 /* PBXContainerItemProxy */ = {
			isa = PBXContainerItemProxy;
			containerPortal = 93BE07E71DC058E800C66294 /* Project object */;
			proxyType = 1;
			remoteGlobalIDString = 93BE07EE1DC058E800C66294;
			remoteInfo = GestureTest;
		};
/* End PBXContainerItemProxy section */

/* Begin PBXFileReference section */
		93BE07EF1DC058E800C66294 /* GestureTest.app */ = {isa = PBXFileReference; explicitFileType = wrapper.application; includeInIndex = 0; path = GestureTest.app; sourceTree = BUILT_PRODUCTS_DIR; };
		93BE07F21DC058E800C66294 /* AppDelegate.swift */ = {isa = PBXFileReference; lastKnownFileType = sourcecode.swift; path = AppDelegate.swift; sourceTree = "<group>"; };
		93BE07F41DC058E800C66294 /* ViewController.swift */ = {isa = PBXFileReference; lastKnownFileType = sourcecode.swift; path = ViewController.swift; sourceTree = "<group>"; };
		93BE07F71DC058E800C66294 /* Base */ = {isa = PBXFileReference; lastKnownFileType = file.storyboard; name = Base; path = Base.lproj/Main.storyboard; sourceTree = "<group>"; };
		93BE07F91DC058E800C66294 /* Assets.xcassets */ = {isa = PBXFileReference; lastKnownFileType = folder.assetcatalog; path = Assets.xcassets; sourceTree = "<group>"; };
		93BE07FC1DC058E800C66294 /* Base */ = {isa = PBXFileReference; lastKnownFileType = file.storyboard; name = Base; path = Base.lproj/LaunchScreen.storyboard; sourceTree = "<group>"; };
		93BE07FE1DC058E800C66294 /* Info.plist */ = {isa = PBXFileReference; lastKnownFileType = text.plist.xml; path = Info.plist; sourceTree = "<group>"; };
		93BE08031DC058E800C66294 /* GestureTestTests.xctest */ = {isa = PBXFileReference; explicitFileType = wrapper.cfbundle; includeInIndex = 0; path = GestureTestTests.xctest; sourceTree = BUILT_PRODUCTS_DIR; };
		93BE08071DC058E800C66294 /* GestureTestTests.swift */ = {isa = PBXFileReference; lastKnownFileType = sourcecode.swift; path = GestureTestTests.swift; sourceTree = "<group>"; };
		93BE08091DC058E800C66294 /* Info.plist */ = {isa = PBXFileReference; lastKnownFileType = text.plist.xml; path = Info.plist; sourceTree = "<group>"; };
		93BE080E1DC058E800C66294 /* GestureTestUITests.xctest */ = {isa = PBXFileReference; explicitFileType = wrapper.cfbundle; includeInIndex = 0; path = GestureTestUITests.xctest; sourceTree = BUILT_PRODUCTS_DIR; };
		93BE08121DC058E800C66294 /* GestureTestUITests.swift */ = {isa = PBXFileReference; lastKnownFileType = sourcecode.swift; path = GestureTestUITests.swift; sourceTree = "<group>"; };
		93BE08141DC058E800C66294 /* Info.plist */ = {isa = PBXFileReference; lastKnownFileType = text.plist.xml; path = Info.plist; sourceTree = "<group>"; };
/* End PBXFileReference section */

/* Begin PBXFrameworksBuildPhase section */
		93BE07EC1DC058E800C66294 /* Frameworks */ = {
			isa = PBXFrameworksBuildPhase;
			buildActionMask = 2147483647;
			files = (
			);
			runOnlyForDeploymentPostprocessing = 0;
		};
		93BE08001DC058E800C66294 /* Frameworks */ = {
			isa = PBXFrameworksBuildPhase;
			buildActionMask = 2147483647;
			files = (
			);
			runOnlyForDeploymentPostprocessing = 0;
		};
		93BE080B1DC058E800C66294 /* Frameworks */ = {
			isa = PBXFrameworksBuildPhase;
			buildActionMask = 2147483647;
			files = (
			);
			runOnlyForDeploymentPostprocessing = 0;
		};
/* End PBXFrameworksBuildPhase section */

/* Begin PBXGroup section */
		93BE07E61DC058E800C66294 = {
			isa = PBXGroup;
			children = (
				93BE07F11DC058E800C66294 /* GestureTest */,
				93BE08061DC058E800C66294 /* GestureTestTests */,
				93BE08111DC058E800C66294 /* GestureTestUITests */,
				93BE07F01DC058E800C66294 /* Products */,
			);
			sourceTree = "<group>";
		};
		93BE07F01DC058E800C66294 /* Products */ = {
			isa = PBXGroup;
			children = (
				93BE07EF1DC058E800C66294 /* GestureTest.app */,
				93BE08031DC058E800C66294 /* GestureTestTests.xctest */,
				93BE080E1DC058E800C66294 /* GestureTestUITests.xctest */,
			);
			name = Products;
			sourceTree = "<group>";
		};
		93BE07F11DC058E800C66294 /* GestureTest */ = {
			isa = PBXGroup;
			children = (
				93BE07F21DC058E800C66294 /* AppDelegate.swift */,
				93BE07F41DC058E800C66294 /* ViewController.swift */,
				93BE07F61DC058E800C66294 /* Main.storyboard */,
				93BE07F91DC058E800C66294 /* Assets.xcassets */,
				93BE07FB1DC058E800C66294 /* LaunchScreen.storyboard */,
				93BE07FE1DC058E800C66294 /* Info.plist */,
			);
			path = GestureTest;
			sourceTree = "<group>";
		};
		93BE08061DC058E800C66294 /* GestureTestTests */ = {
			isa = PBXGroup;
			children = (
				93BE08071DC058E800C66294 /* GestureTestTests.swift */,
				93BE08091DC058E800C66294 /* Info.plist */,
			);
			path = GestureTestTests;
			sourceTree = "<group>";
		};
		93BE08111DC058E800C66294 /* GestureTestUITests */ = {
			isa = PBXGroup;
			children = (
				93BE08121DC058E800C66294 /* GestureTestUITests.swift */,
				93BE08141DC058E800C66294 /* Info.plist */,
			);
			path = GestureTestUITests;
			sourceTree = "<group>";
		};
/* End PBXGroup section */

/* Begin PBXNativeTarget section */
		93BE07EE1DC058E800C66294 /* GestureTest */ = {
			isa = PBXNativeTarget;
			buildConfigurationList = 93BE08171DC058E800C66294 /* Build configuration list for PBXNativeTarget "GestureTest" */;
			buildPhases = (
				93BE07EB1DC058E800C66294 /* Sources */,
				93BE07EC1DC058E800C66294 /* Frameworks */,
				93BE07ED1DC058E800C66294 /* Resources */,
			);
			buildRules = (
			);
			dependencies = (
			);
			name = GestureTest;
			productName = GestureTest;
			productReference = 93BE07EF1DC058E800C66294 /* GestureTest.app */;
			productType = "com.apple.product-type.application";
		};
		93BE08021DC058E800C66294 /* GestureTestTests */ = {
			isa = PBXNativeTarget;
			buildConfigurationList = 93BE081A1DC058E800C66294 /* Build configuration list for PBXNativeTarget "GestureTestTests" */;
			buildPhases = (
				93BE07FF1DC058E800C66294 /* Sources */,
				93BE08001DC058E800C66294 /* Frameworks */,
				93BE08011DC058E800C66294 /* Resources */,
			);
			buildRules = (
			);
			dependencies = (
				93BE08051DC058E800C66294 /* PBXTargetDependency */,
			);
			name = GestureTestTests;
			productName = GestureTestTests;
			productReference = 93BE08031DC058E800C66294 /* GestureTestTests.xctest */;
			productType = "com.apple.product-type.bundle.unit-test";
		};
		93BE080D1DC058E800C66294 /* GestureTestUITests */ = {
			isa = PBXNativeTarget;
			buildConfigurationList = 93BE081D1DC058E800C66294 /* Build configuration list for PBXNativeTarget "GestureTestUITests" */;
			buildPhases = (
				93BE080A1DC058E800C66294 /* Sources */,
				93BE080B1DC058E800C66294 /* Frameworks */,
				93BE080C1DC058E800C66294 /* Resources */,
			);
			buildRules = (
			);
			dependencies = (
				93BE08101DC058E800C66294 /* PBXTargetDependency */,
			);
			name = GestureTestUITests;
			productName = GestureTestUITests;
			productReference = 93BE080E1DC058E800C66294 /* GestureTestUITests.xctest */;
			productType = "com.apple.product-type.bundle.ui-testing";
		};
/* End PBXNativeTarget section */

/* Begin PBXProject section */
		93BE07E71DC058E800C66294 /* Project object */ = {
			isa = PBXProject;
			attributes = {
				LastSwiftUpdateCheck = 0800;
				LastUpgradeCheck = 0800;
				ORGANIZATIONNAME = "Aaron Bailey";
				TargetAttributes = {
					93BE07EE1DC058E800C66294 = {
						CreatedOnToolsVersion = 8.0;
						ProvisioningStyle = Automatic;
					};
					93BE08021DC058E800C66294 = {
						CreatedOnToolsVersion = 8.0;
						ProvisioningStyle = Automatic;
						TestTargetID = 93BE07EE1DC058E800C66294;
					};
					93BE080D1DC058E800C66294 = {
						CreatedOnToolsVersion = 8.0;
						ProvisioningStyle = Automatic;
						TestTargetID = 93BE07EE1DC058E800C66294;
					};
				};
			};
			buildConfigurationList = 93BE07EA1DC058E800C66294 /* Build configuration list for PBXProject "GestureTest" */;
			compatibilityVersion = "Xcode 3.2";
			developmentRegion = English;
			hasScannedForEncodings = 0;
			knownRegions = (
				en,
				Base,
			);
			mainGroup = 93BE07E61DC058E800C66294;
			productRefGroup = 93BE07F01DC058E800C66294 /* Products */;
			projectDirPath = "";
			projectRoot = "";
			targets = (
				93BE07EE1DC058E800C66294 /* GestureTest */,
				93BE08021DC058E800C66294 /* GestureTestTests */,
				93BE080D1DC058E800C66294 /* GestureTestUITests */,
			);
		};
/* End PBXProject section */

/* Begin PBXResourcesBuildPhase section */
		93BE07ED1DC058E800C66294 /* Resources */ = {
			isa = PBXResourcesBuildPhase;
			buildActionMask = 2147483647;
			files = (
				93BE07FD1DC058E800C66294 /* LaunchScreen.storyboard in Resources */,
				93BE07FA1DC058E800C66294 /* Assets.xcassets in Resources */,
				93BE07F81DC058E800C66294 /* Main.storyboard in Resources */,
			);
			runOnlyForDeploymentPostprocessing = 0;
		};
		93BE08011DC058E800C66294 /* Resources */ = {
			isa = PBXResourcesBuildPhase;
			buildActionMask = 2147483647;
			files = (
			);
			runOnlyForDeploymentPostprocessing = 0;
		};
		93BE080C1DC058E800C66294 /* Resources */ = {
			isa = PBXResourcesBuildPhase;
			buildActionMask = 2147483647;
			files = (
			);
			runOnlyForDeploymentPostprocessing = 0;
		};
/* End PBXResourcesBuildPhase section */

/* Begin PBXSourcesBuildPhase section */
		93BE07EB1DC058E800C66294 /* Sources */ = {
			isa = PBXSourcesBuildPhase;
			buildActionMask = 2147483647;
			files = (
				93BE07F51DC058E800C66294 /* ViewController.swift in Sources */,
				93BE07F31DC058E800C66294 /* AppDelegate.swift in Sources */,
			);
			runOnlyForDeploymentPostprocessing = 0;
		};
		93BE07FF1DC058E800C66294 /* Sources */ = {
			isa = PBXSourcesBuildPhase;
			buildActionMask = 2147483647;
			files = (
				93BE08081DC058E800C66294 /* GestureTestTests.swift in Sources */,
			);
			runOnlyForDeploymentPostprocessing = 0;
		};
		93BE080A1DC058E800C66294 /* Sources */ = {
			isa = PBXSourcesBuildPhase;
			buildActionMask = 2147483647;
			files = (
				93BE08131DC058E800C66294 /* GestureTestUITests.swift in Sources */,
			);
			runOnlyForDeploymentPostprocessing = 0;
		};
/* End PBXSourcesBuildPhase section */

/* Begin PBXTargetDependency section */
		93BE08051DC058E800C66294 /* PBXTargetDependency */ = {
			isa = PBXTargetDependency;
			target = 93BE07EE1DC058E800C66294 /* GestureTest */;
			targetProxy = 93BE08041DC058E800C66294 /* PBXContainerItemProxy */;
		};
		93BE08101DC058E800C66294 /* PBXTargetDependency */ = {
			isa = PBXTargetDependency;
			target = 93BE07EE1DC058E800C66294 /* GestureTest */;
			targetProxy = 93BE080F1DC058E800C66294 /* PBXContainerItemProxy */;
		};
/* End PBXTargetDependency section */

/* Begin PBXVariantGroup section */
		93BE07F61DC058E800C66294 /* Main.storyboard */ = {
			isa = PBXVariantGroup;
			children = (
				93BE07F71DC058E800C66294 /* Base */,
			);
			name = Main.storyboard;
			sourceTree = "<group>";
		};
		93BE07FB1DC058E800C66294 /* LaunchScreen.storyboard */ = {
			isa = PBXVariantGroup;
			children = (
				93BE07FC1DC058E800C66294 /* Base */,
			);
			name = LaunchScreen.storyboard;
			sourceTree = "<group>";
		};
/* End PBXVariantGroup section */

/* Begin XCBuildConfiguration section */
		93BE08151DC058E800C66294 /* Debug */ = {
			isa = XCBuildConfiguration;
			buildSettings = {
				ALWAYS_SEARCH_USER_PATHS = NO;
				CLANG_ANALYZER_NONNULL = YES;
				CLANG_CXX_LANGUAGE_STANDARD = "gnu++0x";
				CLANG_CXX_LIBRARY = "libc++";
				CLANG_ENABLE_MODULES = YES;
				CLANG_ENABLE_OBJC_ARC = YES;
				CLANG_WARN_BOOL_CONVERSION = YES;
				CLANG_WARN_CONSTANT_CONVERSION = YES;
				CLANG_WARN_DIRECT_OBJC_ISA_USAGE = YES_ERROR;
				CLANG_WARN_DOCUMENTATION_COMMENTS = YES;
				CLANG_WARN_EMPTY_BODY = YES;
				CLANG_WARN_ENUM_CONVERSION = YES;
				CLANG_WARN_INFINITE_RECURSION = YES;
				CLANG_WARN_INT_CONVERSION = YES;
				CLANG_WARN_OBJC_ROOT_CLASS = YES_ERROR;
				CLANG_WARN_SUSPICIOUS_MOVES = YES;
				CLANG_WARN_UNREACHABLE_CODE = YES;
				CLANG_WARN__DUPLICATE_METHOD_MATCH = YES;
				"CODE_SIGN_IDENTITY[sdk=iphoneos*]" = "iPhone Developer";
				COPY_PHASE_STRIP = NO;
				DEBUG_INFORMATION_FORMAT = dwarf;
				ENABLE_STRICT_OBJC_MSGSEND = YES;
				ENABLE_TESTABILITY = YES;
				GCC_C_LANGUAGE_STANDARD = gnu99;
				GCC_DYNAMIC_NO_PIC = NO;
				GCC_NO_COMMON_BLOCKS = YES;
				GCC_OPTIMIZATION_LEVEL = 0;
				GCC_PREPROCESSOR_DEFINITIONS = (
					"DEBUG=1",
					"$(inherited)",
				);
				GCC_WARN_64_TO_32_BIT_CONVERSION = YES;
				GCC_WARN_ABOUT_RETURN_TYPE = YES_ERROR;
				GCC_WARN_UNDECLARED_SELECTOR = YES;
				GCC_WARN_UNINITIALIZED_AUTOS = YES_AGGRESSIVE;
				GCC_WARN_UNUSED_FUNCTION = YES;
				GCC_WARN_UNUSED_VARIABLE = YES;
				IPHONEOS_DEPLOYMENT_TARGET = 10.0;
				MTL_ENABLE_DEBUG_INFO = YES;
				ONLY_ACTIVE_ARCH = YES;
				SDKROOT = iphoneos;
				SWIFT_ACTIVE_COMPILATION_CONDITIONS = DEBUG;
				SWIFT_OPTIMIZATION_LEVEL = "-Onone";
			};
			name = Debug;
		};
		93BE08161DC058E800C66294 /* Release */ = {
			isa = XCBuildConfiguration;
			buildSettings = {
				ALWAYS_SEARCH_USER_PATHS = NO;
				CLANG_ANALYZER_NONNULL = YES;
				CLANG_CXX_LANGUAGE_STANDARD = "gnu++0x";
				CLANG_CXX_LIBRARY = "libc++";
				CLANG_ENABLE_MODULES = YES;
				CLANG_ENABLE_OBJC_ARC = YES;
				CLANG_WARN_BOOL_CONVERSION = YES;
				CLANG_WARN_CONSTANT_CONVERSION = YES;
				CLANG_WARN_DIRECT_OBJC_ISA_USAGE = YES_ERROR;
				CLANG_WARN_DOCUMENTATION_COMMENTS = YES;
				CLANG_WARN_EMPTY_BODY = YES;
				CLANG_WARN_ENUM_CONVERSION = YES;
				CLANG_WARN_INFINITE_RECURSION = YES;
				CLANG_WARN_INT_CONVERSION = YES;
				CLANG_WARN_OBJC_ROOT_CLASS = YES_ERROR;
				CLANG_WARN_SUSPICIOUS_MOVES = YES;
				CLANG_WARN_UNREACHABLE_CODE = YES;
				CLANG_WARN__DUPLICATE_METHOD_MATCH = YES;
				"CODE_SIGN_IDENTITY[sdk=iphoneos*]" = "iPhone Developer";
				COPY_PHASE_STRIP = NO;
				DEBUG_INFORMATION_FORMAT = "dwarf-with-dsym";
				ENABLE_NS_ASSERTIONS = NO;
				ENABLE_STRICT_OBJC_MSGSEND = YES;
				GCC_C_LANGUAGE_STANDARD = gnu99;
				GCC_NO_COMMON_BLOCKS = YES;
				GCC_WARN_64_TO_32_BIT_CONVERSION = YES;
				GCC_WARN_ABOUT_RETURN_TYPE = YES_ERROR;
				GCC_WARN_UNDECLARED_SELECTOR = YES;
				GCC_WARN_UNINITIALIZED_AUTOS = YES_AGGRESSIVE;
				GCC_WARN_UNUSED_FUNCTION = YES;
				GCC_WARN_UNUSED_VARIABLE = YES;
				IPHONEOS_DEPLOYMENT_TARGET = 10.0;
				MTL_ENABLE_DEBUG_INFO = NO;
				SDKROOT = iphoneos;
				SWIFT_OPTIMIZATION_LEVEL = "-Owholemodule";
				VALIDATE_PRODUCT = YES;
			};
			name = Release;
		};
		93BE08181DC058E800C66294 /* Debug */ = {
			isa = XCBuildConfiguration;
			buildSettings = {
				ASSETCATALOG_COMPILER_APPICON_NAME = AppIcon;
				INFOPLIST_FILE = GestureTest/Info.plist;
				LD_RUNPATH_SEARCH_PATHS = "$(inherited) @executable_path/Frameworks";
				PRODUCT_BUNDLE_IDENTIFIER = com.arnbly.GestureTest;
				PRODUCT_NAME = "$(TARGET_NAME)";
				SWIFT_VERSION = 3.0;
			};
			name = Debug;
		};
		93BE08191DC058E800C66294 /* Release */ = {
			isa = XCBuildConfiguration;
			buildSettings = {
				ASSETCATALOG_COMPILER_APPICON_NAME = AppIcon;
				INFOPLIST_FILE = GestureTest/Info.plist;
				LD_RUNPATH_SEARCH_PATHS = "$(inherited) @executable_path/Frameworks";
				PRODUCT_BUNDLE_IDENTIFIER = com.arnbly.GestureTest;
				PRODUCT_NAME = "$(TARGET_NAME)";
				SWIFT_VERSION = 3.0;
			};
			name = Release;
		};
		93BE081B1DC058E800C66294 /* Debug */ = {
			isa = XCBuildConfiguration;
			buildSettings = {
				ALWAYS_EMBED_SWIFT_STANDARD_LIBRARIES = YES;
				BUNDLE_LOADER = "$(TEST_HOST)";
				INFOPLIST_FILE = GestureTestTests/Info.plist;
				LD_RUNPATH_SEARCH_PATHS = "$(inherited) @executable_path/Frameworks @loader_path/Frameworks";
				PRODUCT_BUNDLE_IDENTIFIER = com.arnbly.GestureTestTests;
				PRODUCT_NAME = "$(TARGET_NAME)";
				SWIFT_VERSION = 3.0;
				TEST_HOST = "$(BUILT_PRODUCTS_DIR)/GestureTest.app/GestureTest";
			};
			name = Debug;
		};
		93BE081C1DC058E800C66294 /* Release */ = {
			isa = XCBuildConfiguration;
			buildSettings = {
				ALWAYS_EMBED_SWIFT_STANDARD_LIBRARIES = YES;
				BUNDLE_LOADER = "$(TEST_HOST)";
				INFOPLIST_FILE = GestureTestTests/Info.plist;
				LD_RUNPATH_SEARCH_PATHS = "$(inherited) @executable_path/Frameworks @loader_path/Frameworks";
				PRODUCT_BUNDLE_IDENTIFIER = com.arnbly.GestureTestTests;
				PRODUCT_NAME = "$(TARGET_NAME)";
				SWIFT_VERSION = 3.0;
				TEST_HOST = "$(BUILT_PRODUCTS_DIR)/GestureTest.app/GestureTest";
			};
			name = Release;
		};
		93BE081E1DC058E800C66294 /* Debug */ = {
			isa = XCBuildConfiguration;
			buildSettings = {
				ALWAYS_EMBED_SWIFT_STANDARD_LIBRARIES = YES;
				INFOPLIST_FILE = GestureTestUITests/Info.plist;
				LD_RUNPATH_SEARCH_PATHS = "$(inherited) @executable_path/Frameworks @loader_path/Frameworks";
				PRODUCT_BUNDLE_IDENTIFIER = com.arnbly.GestureTestUITests;
				PRODUCT_NAME = "$(TARGET_NAME)";
				SWIFT_VERSION = 3.0;
				TEST_TARGET_NAME = GestureTest;
			};
			name = Debug;
		};
		93BE081F1DC058E800C66294 /* Release */ = {
			isa = XCBuildConfiguration;
			buildSettings = {
				ALWAYS_EMBED_SWIFT_STANDARD_LIBRARIES = YES;
				INFOPLIST_FILE = GestureTestUITests/Info.plist;
				LD_RUNPATH_SEARCH_PATHS = "$(inherited) @executable_path/Frameworks @loader_path/Frameworks";
				PRODUCT_BUNDLE_IDENTIFIER = com.arnbly.GestureTestUITests;
				PRODUCT_NAME = "$(TARGET_NAME)";
				SWIFT_VERSION = 3.0;
				TEST_TARGET_NAME = GestureTest;
			};
			name = Release;
		};
/* End XCBuildConfiguration section */

/* Begin XCConfigurationList section */
		93BE07EA1DC058E800C66294 /* Build configuration list for PBXProject "GestureTest" */ = {
			isa = XCConfigurationList;
			buildConfigurations = (
				93BE08151DC058E800C66294 /* Debug */,
				93BE08161DC058E800C66294 /* Release */,
			);
			defaultConfigurationIsVisible = 0;
			defaultConfigurationName = Release;
		};
		93BE08171DC058E800C66294 /* Build configuration list for PBXNativeTarget "GestureTest" */ = {
			isa = XCConfigurationList;
			buildConfigurations = (
				93BE08181DC058E800C66294 /* Debug */,
				93BE08191DC058E800C66294 /* Release */,
			);
			defaultConfigurationIsVisible = 0;
		};
		93BE081A1DC058E800C66294 /* Build configuration list for PBXNativeTarget "GestureTestTests" */ = {
			isa = XCConfigurationList;
			buildConfigurations = (
				93BE081B1DC058E800C66294 /* Debug */,
				93BE081C1DC058E800C66294 /* Release */,
			);
			defaultConfigurationIsVisible = 0;
		};
		93BE081D1DC058E800C66294 /* Build configuration list for PBXNativeTarget "GestureTestUITests" */ = {
			isa = XCConfigurationList;
			buildConfigurations = (
				93BE081E1DC058E800C66294 /* Debug */,
				93BE081F1DC058E800C66294 /* Release */,
			);
			defaultConfigurationIsVisible = 0;
		};
/* End XCConfigurationList section */
	};
	rootObject = 93BE07E71DC058E800C66294 /* Project object */;
}
